{
  "originHash" : "597b3b9b11c84f618221d223c8590e294d0db0004ca791f1cb26c30f9bae18de",
  "pins" : [
    {
      "identity" : "highlighterswift",
      "kind" : "remoteSourceControl",
      "location" : "https://github.com/smittytone/HighlighterSwift",
      "state" : {
        "revision" : "fe7aae9c9b31d3b296fd3d2dd575e1a207bb29e0",
        "version" : "3.1.0"
      }
    }
  ],
  "version" : 3
}
